<?xml version="1.0" encoding="UTF-8" standalone="yes" ?>
<CodeBlocks_project_file>
	<FileVersion major="1" minor="6" />
	<Project>
		<Option title="BodyMaster" />
		<Option pch_mode="2" />
		<Option compiler="gcc" />
		<Build>
			<Target title="Debug">
				<Option output="bin/Debug/BodyMaster" prefix_auto="1" extension_auto="1" />
				<Option object_output="obj/Debug/" />
				<Option type="0" />
				<Option compiler="gcc" />
				<Option projectLinkerOptionsRelation="2" />
				<Compiler>
					<Add option="-lprotobuf" />
					<Add option="-g" />
					<Add directory="./" />
				</Compiler>
				<Linker>
					<Add option="-lprotobuf" />
				</Linker>
			</Target>
			<Target title="Release">
				<Option output="bin/Release/BodyMaster" prefix_auto="1" extension_auto="1" />
				<Option object_output="obj/Release/" />
				<Option type="0" />
				<Option compiler="gcc" />
				<Option projectLinkerOptionsRelation="2" />
				<Compiler>
					<Add option="-O2" />
					<Add option="-lprotobuf" />
					<Add directory="./" />
				</Compiler>
				<Linker>
					<Add option="-s" />
					<Add option="-lprotobuf" />
				</Linker>
			</Target>
		</Build>
		<Compiler>
			<Add option="`wx-config --cflags`" />
			<Add option="-Wall" />
		</Compiler>
		<Linker>
			<Add option="`wx-config --libs`" />
		</Linker>
		<Unit filename="../Particulars.cpp" />
		<Unit filename="../Particulars.h" />
		<Unit filename="../Ship.cpp" />
		<Unit filename="../Ship.h" />
		<Unit filename="../Ship.pb.cc" />
		<Unit filename="../Ship.pb.h" />
		<Unit filename="BodyMasterApp.cpp" />
		<Unit filename="BodyMasterApp.h" />
		<Unit filename="BodyMasterMain.cpp" />
		<Unit filename="BodyMasterMain.h" />
		<Unit filename="wxsmith/BodyMasterframe.wxs" />
		<Extensions>
			<code_completion />
			<envvars />
			<debugger />
			<wxsmith version="1">
				<gui name="wxWidgets" src="BodyMasterApp.cpp" main="BodyMasterFrame" init_handlers="necessary" language="CPP" />
				<resources>
					<wxFrame wxs="wxsmith/BodyMasterframe.wxs" src="BodyMasterMain.cpp" hdr="BodyMasterMain.h" fwddecl="0" i18n="1" name="BodyMasterFrame" language="CPP" />
				</resources>
			</wxsmith>
		</Extensions>
	</Project>
</CodeBlocks_project_file>
