<?xml version="1.0" encoding="UTF-8" standalone="yes" ?>
<CodeBlocks_project_file>
	<FileVersion major="1" minor="6" />
	<Project>
		<Option title="CargoMaster" />
		<Option pch_mode="2" />
		<Option compiler="gcc" />
		<Build>
			<Target title="Debug">
				<Option output="bin/Debug/CargoMaster" prefix_auto="1" extension_auto="1" />
				<Option object_output="obj/Debug/" />
				<Option type="0" />
				<Option compiler="gcc" />
				<Option projectLinkerOptionsRelation="2" />
				<Compiler>
					<Add option="-lprotobuf" />
					<Add option="-g" />
				</Compiler>
				<Linker>
					<Add option="-lprotobuf" />
				</Linker>
			</Target>
			<Target title="Release">
				<Option output="bin/Release/CargoMaster" prefix_auto="1" extension_auto="1" />
				<Option object_output="obj/Release/" />
				<Option type="0" />
				<Option compiler="gcc" />
				<Option projectLinkerOptionsRelation="2" />
				<Compiler>
					<Add option="-O2" />
					<Add option="-lprotobuf" />
				</Compiler>
				<Linker>
					<Add option="-s" />
					<Add option="-lprotobuf" />
				</Linker>
			</Target>
		</Build>
		<Compiler>
			<Add option="-Wall" />
			<Add option="`wx-config --cflags`" />
			<Add directory="../ChartDirector/include" />
		</Compiler>
		<Linker>
			<Add option="`wx-config --libs`" />
		</Linker>
		<Unit filename="../Ship.cpp" />
		<Unit filename="../Ship.h" />
		<Unit filename="../Ship.pb.cc" />
		<Unit filename="../Ship.pb.h" />
		<Unit filename="CargoMasterApp.cpp" />
		<Unit filename="CargoMasterApp.h" />
		<Unit filename="CargoMasterMain.cpp" />
		<Unit filename="CargoMasterMain.h" />
		<Unit filename="Particulars.cpp" />
		<Unit filename="Particulars.h" />
		<Unit filename="include/wx/charts/wxareachart.h" />
		<Unit filename="include/wx/charts/wxareachartctrl.h" />
		<Unit filename="include/wx/charts/wxareachartoptions.h" />
		<Unit filename="include/wx/charts/wxbarchart.h" />
		<Unit filename="include/wx/charts/wxbarchartctrl.h" />
		<Unit filename="include/wx/charts/wxbarchartdatasetoptions.h" />
		<Unit filename="include/wx/charts/wxbarchartoptions.h" />
		<Unit filename="include/wx/charts/wxbubblechart.h" />
		<Unit filename="include/wx/charts/wxbubblechartctrl.h" />
		<Unit filename="include/wx/charts/wxbubblechartoptions.h" />
		<Unit filename="include/wx/charts/wxcandlestickchart.h" />
		<Unit filename="include/wx/charts/wxcandlestickchartctrl.h" />
		<Unit filename="include/wx/charts/wxcandlestickchartoptions.h" />
		<Unit filename="include/wx/charts/wxchart.h" />
		<Unit filename="include/wx/charts/wxchartbackground.h" />
		<Unit filename="include/wx/charts/wxchartbackgroundoptions.h" />
		<Unit filename="include/wx/charts/wxchartcommonoptions.h" />
		<Unit filename="include/wx/charts/wxchartctrl.h" />
		<Unit filename="include/wx/charts/wxchartfontoptions.h" />
		<Unit filename="include/wx/charts/wxchartlabel.h" />
		<Unit filename="include/wx/charts/wxchartlabelgroup.h" />
		<Unit filename="include/wx/charts/wxchartlabeloptions.h" />
		<Unit filename="include/wx/charts/wxchartlegendctrl.h" />
		<Unit filename="include/wx/charts/wxchartlegenditem.h" />
		<Unit filename="include/wx/charts/wxchartlegendline.h" />
		<Unit filename="include/wx/charts/wxchartlegendlineoptions.h" />
		<Unit filename="include/wx/charts/wxchartlegendoptions.h" />
		<Unit filename="include/wx/charts/wxchartmultitooltip.h" />
		<Unit filename="include/wx/charts/wxchartmultitooltipoptions.h" />
		<Unit filename="include/wx/charts/wxchartobservers.h" />
		<Unit filename="include/wx/charts/wxchartoptions.h" />
		<Unit filename="include/wx/charts/wxchartpadding.h" />
		<Unit filename="include/wx/charts/wxchartradialgrid.h" />
		<Unit filename="include/wx/charts/wxchartradialgridoptions.h" />
		<Unit filename="include/wx/charts/wxcharts.h" />
		<Unit filename="include/wx/charts/wxchartsarc.h" />
		<Unit filename="include/wx/charts/wxchartsarcoptions.h" />
		<Unit filename="include/wx/charts/wxchartsaxis.h" />
		<Unit filename="include/wx/charts/wxchartsaxisoptions.h" />
		<Unit filename="include/wx/charts/wxchartsbrushoptions.h" />
		<Unit filename="include/wx/charts/wxchartscategoricalaxis.h" />
		<Unit filename="include/wx/charts/wxchartscategoricaldata.h" />
		<Unit filename="include/wx/charts/wxchartscategoricaldataobserver.h" />
		<Unit filename="include/wx/charts/wxchartscircle.h" />
		<Unit filename="include/wx/charts/wxchartscircleoptions.h" />
		<Unit filename="include/wx/charts/wxchartsdataset.h" />
		<Unit filename="include/wx/charts/wxchartsdatasetid.h" />
		<Unit filename="include/wx/charts/wxchartsdatasettheme.h" />
		<Unit filename="include/wx/charts/wxchartsdoubledataset.h" />
		<Unit filename="include/wx/charts/wxchartselement.h" />
		<Unit filename="include/wx/charts/wxchartsgrid.h" />
		<Unit filename="include/wx/charts/wxchartsgridmapping.h" />
		<Unit filename="include/wx/charts/wxchartsgridoptions.h" />
		<Unit filename="include/wx/charts/wxchartslicedata.h" />
		<Unit filename="include/wx/charts/wxchartsnumericalaxis.h" />
		<Unit filename="include/wx/charts/wxchartsohlcdata.h" />
		<Unit filename="include/wx/charts/wxchartspenoptions.h" />
		<Unit filename="include/wx/charts/wxchartspoint.h" />
		<Unit filename="include/wx/charts/wxchartspointoptions.h" />
		<Unit filename="include/wx/charts/wxchartsprecisiontheme.h" />
		<Unit filename="include/wx/charts/wxchartspresentationtheme.h" />
		<Unit filename="include/wx/charts/wxchartsrectangle.h" />
		<Unit filename="include/wx/charts/wxchartsrectangleoptions.h" />
		<Unit filename="include/wx/charts/wxchartstheme.h" />
		<Unit filename="include/wx/charts/wxchartsthemefactory.h" />
		<Unit filename="include/wx/charts/wxchartsthemeid.h" />
		<Unit filename="include/wx/charts/wxchartstimeaxis.h" />
		<Unit filename="include/wx/charts/wxchartsutilities.h" />
		<Unit filename="include/wx/charts/wxcharttooltip.h" />
		<Unit filename="include/wx/charts/wxcharttooltipoptions.h" />
		<Unit filename="include/wx/charts/wxcharttooltipprovider.h" />
		<Unit filename="include/wx/charts/wxcolumnchart.h" />
		<Unit filename="include/wx/charts/wxcolumnchartctrl.h" />
		<Unit filename="include/wx/charts/wxcolumnchartdatasetoptions.h" />
		<Unit filename="include/wx/charts/wxcolumnchartoptions.h" />
		<Unit filename="include/wx/charts/wxcombinationchart.h" />
		<Unit filename="include/wx/charts/wxcombinationchartctrl.h" />
		<Unit filename="include/wx/charts/wxcombinationchartoptions.h" />
		<Unit filename="include/wx/charts/wxdoughnutandpiechartbase.h" />
		<Unit filename="include/wx/charts/wxdoughnutandpiechartoptionsbase.h" />
		<Unit filename="include/wx/charts/wxdoughnutchart.h" />
		<Unit filename="include/wx/charts/wxdoughnutchartctrl.h" />
		<Unit filename="include/wx/charts/wxdoughnutchartoptions.h" />
		<Unit filename="include/wx/charts/wxhistogramchart.h" />
		<Unit filename="include/wx/charts/wxhistogramchartctrl.h" />
		<Unit filename="include/wx/charts/wxhistogramchartoptions.h" />
		<Unit filename="include/wx/charts/wxlinechart.h" />
		<Unit filename="include/wx/charts/wxlinechartctrl.h" />
		<Unit filename="include/wx/charts/wxlinechartoptions.h" />
		<Unit filename="include/wx/charts/wxmath2dplot.h" />
		<Unit filename="include/wx/charts/wxmath2dplotctrl.h" />
		<Unit filename="include/wx/charts/wxmath2dplotoptions.h" />
		<Unit filename="include/wx/charts/wxohlcchart.h" />
		<Unit filename="include/wx/charts/wxohlcchartctrl.h" />
		<Unit filename="include/wx/charts/wxohlcchartoptions.h" />
		<Unit filename="include/wx/charts/wxpiechart.h" />
		<Unit filename="include/wx/charts/wxpiechartctrl.h" />
		<Unit filename="include/wx/charts/wxpiechartoptions.h" />
		<Unit filename="include/wx/charts/wxpolarareachart.h" />
		<Unit filename="include/wx/charts/wxpolarareachartctrl.h" />
		<Unit filename="include/wx/charts/wxpolarareachartoptions.h" />
		<Unit filename="include/wx/charts/wxradarchart.h" />
		<Unit filename="include/wx/charts/wxradarchartctrl.h" />
		<Unit filename="include/wx/charts/wxradarchartoptions.h" />
		<Unit filename="include/wx/charts/wxscatterplot.h" />
		<Unit filename="include/wx/charts/wxscatterplotctrl.h" />
		<Unit filename="include/wx/charts/wxscatterplotoptions.h" />
		<Unit filename="include/wx/charts/wxstackedbarchart.h" />
		<Unit filename="include/wx/charts/wxstackedbarchartctrl.h" />
		<Unit filename="include/wx/charts/wxstackedbarchartdatasetoptions.h" />
		<Unit filename="include/wx/charts/wxstackedbarchartoptions.h" />
		<Unit filename="include/wx/charts/wxstackedcolumnchart.h" />
		<Unit filename="include/wx/charts/wxstackedcolumnchartctrl.h" />
		<Unit filename="include/wx/charts/wxstackedcolumnchartoptions.h" />
		<Unit filename="include/wx/charts/wxtimeserieschart.h" />
		<Unit filename="include/wx/charts/wxtimeserieschartctrl.h" />
		<Unit filename="include/wx/charts/wxtimeserieschartoptions.h" />
		<Unit filename="mathplot.cpp" />
		<Unit filename="mathplot.h" />
		<Unit filename="wxsmith/CargoMasterframe.wxs" />
		<Unit filename="wxsmith/Particulars.wxs" />
		<Extensions>
			<code_completion />
			<envvars />
			<debugger />
			<wxsmith version="1">
				<gui name="wxWidgets" src="CargoMasterApp.cpp" main="CargoMasterFrame" init_handlers="necessary" language="CPP" />
				<resources>
					<wxFrame wxs="wxsmith/CargoMasterframe.wxs" src="CargoMasterMain.cpp" hdr="CargoMasterMain.h" fwddecl="0" i18n="1" name="CargoMasterFrame" language="CPP" />
					<wxDialog wxs="wxsmith/Particulars.wxs" src="Particulars.cpp" hdr="Particulars.h" fwddecl="0" i18n="1" name="Particulars" language="CPP" />
				</resources>
			</wxsmith>
		</Extensions>
	</Project>
</CodeBlocks_project_file>
