<?xml version="1.0" encoding="UTF-8" standalone="yes" ?>
<CodeBlocks_project_file>
	<FileVersion major="1" minor="6" />
	<Project>
		<Option title="CargoMaster" />
		<Option pch_mode="2" />
		<Option compiler="gcc" />
		<Build>
			<Target title="Debug">
				<Option output="bin/Debug/CargoMaster" prefix_auto="1" extension_auto="1" />
				<Option object_output="obj/Debug/" />
				<Option type="0" />
				<Option compiler="gcc" />
				<Option projectLinkerOptionsRelation="2" />
				<Compiler>
					<Add option="-lprotobuf" />
					<Add option="-g" />
				</Compiler>
				<Linker>
					<Add option="-lprotobuf" />
				</Linker>
			</Target>
			<Target title="Release">
				<Option output="bin/Release/CargoMaster" prefix_auto="1" extension_auto="1" />
				<Option object_output="obj/Release/" />
				<Option type="0" />
				<Option compiler="gcc" />
				<Option projectLinkerOptionsRelation="2" />
				<Compiler>
					<Add option="-O2" />
					<Add option="-lprotobuf" />
				</Compiler>
				<Linker>
					<Add option="-s" />
					<Add option="-lprotobuf" />
				</Linker>
			</Target>
		</Build>
		<Compiler>
			<Add option="`wx-config --cflags`" />
			<Add option="-Wall" />
		</Compiler>
		<Linker>
			<Add option="`wx-config --libs`" />
		</Linker>
		<Unit filename="../Ship.cpp" />
		<Unit filename="../Ship.h" />
		<Unit filename="../Ship.pb.cc" />
		<Unit filename="../Ship.pb.h" />
		<Unit filename="../mathplot.cpp" />
		<Unit filename="../mathplot.h" />
		<Unit filename="CargoMasterApp.cpp" />
		<Unit filename="CargoMasterApp.h" />
		<Unit filename="CargoMasterMain.cpp" />
		<Unit filename="CargoMasterMain.h" />
		<Unit filename="Particulars.cpp" />
		<Unit filename="Particulars.h" />
		<Unit filename="wxsmith/CargoMasterframe.wxs" />
		<Unit filename="wxsmith/Particulars.wxs" />
		<Extensions>
			<code_completion />
			<envvars />
			<debugger />
			<wxsmith version="1">
				<gui name="wxWidgets" src="CargoMasterApp.cpp" main="CargoMasterFrame" init_handlers="necessary" language="CPP" />
				<resources>
					<wxFrame wxs="wxsmith/CargoMasterframe.wxs" src="CargoMasterMain.cpp" hdr="CargoMasterMain.h" fwddecl="0" i18n="1" name="CargoMasterFrame" language="CPP" />
					<wxDialog wxs="wxsmith/Particulars.wxs" src="Particulars.cpp" hdr="Particulars.h" fwddecl="0" i18n="1" name="Particulars" language="CPP" />
				</resources>
			</wxsmith>
		</Extensions>
	</Project>
</CodeBlocks_project_file>
